
Microsoft Visual Studio Solution File, Format Version 12.00
# Visual Studio Version 16
VisualStudioVersion = 16.0.34031.81
MinimumVisualStudioVersion = 10.0.40219.1
Project("{8BC9CEB8-8B4A-11D0-8D11-00A0C91BC942}") = "Lab1", "Lab1\Lab1.vcxproj", "{E5D51C1F-9AF0-49C2-ADCC-60CFFAF0E167}"
EndProject
Project("{8BC9CEB8-8B4A-11D0-8D11-00A0C91BC942}") = "Lab2", "Lab2\Lab2.vcxproj", "{5E4A4FDD-471F-41B8-B7E3-771502F7DBBC}"
EndProject
Project("{8BC9CEB8-8B4A-11D0-8D11-00A0C91BC942}") = "WindowedApp", "WindowedApp\WindowedApp.vcxproj", "{C917D40C-8670-404A-AC4C-3CD535E60EE2}"
EndProject
Project("{8BC9CEB8-8B4A-11D0-8D11-00A0C91BC942}") = "Lab3", "Lab3\Lab3.vcxproj", "{6C1F3882-F432-45C7-83C5-F44490FC4BCF}"
EndProject
Project("{8BC9CEB8-8B4A-11D0-8D11-00A0C91BC942}") = "Lab4", "Lab4\Lab4.vcxproj", "{5E7428A0-5BDC-4807-8ED8-E75266467043}"
EndProject
Project("{8BC9CEB8-8B4A-11D0-8D11-00A0C91BC942}") = "Lab5", "Lab5\Lab5.vcxproj", "{CAB6DB71-155E-4810-A53A-0C04A7DC708A}"
EndProject
Project("{8BC9CEB8-8B4A-11D0-8D11-00A0C91BC942}") = "Lab6", "Lab6\Lab6.vcxproj", "{E920361C-A632-4080-8EE5-70810334F23D}"
EndProject
Project("{8BC9CEB8-8B4A-11D0-8D11-00A0C91BC942}") = "Lab7", "Lab7\Lab7.vcxproj", "{F6121E2F-756B-4CF3-8B6F-398915C5A391}"
EndProject
Project("{8BC9CEB8-8B4A-11D0-8D11-00A0C91BC942}") = "Lab8", "Lab8\Lab8.vcxproj", "{1B6532AA-8062-4ED0-9D7B-1F5979EEA1C5}"
EndProject
Global
	GlobalSection(SolutionConfigurationPlatforms) = preSolution
		Debug|x64 = Debug|x64
		Debug|x86 = Debug|x86
		Release|x64 = Release|x64
		Release|x86 = Release|x86
	EndGlobalSection
	GlobalSection(ProjectConfigurationPlatforms) = postSolution
		{E5D51C1F-9AF0-49C2-ADCC-60CFFAF0E167}.Debug|x64.ActiveCfg = Debug|x64
		{E5D51C1F-9AF0-49C2-ADCC-60CFFAF0E167}.Debug|x64.Build.0 = Debug|x64
		{E5D51C1F-9AF0-49C2-ADCC-60CFFAF0E167}.Debug|x86.ActiveCfg = Debug|Win32
		{E5D51C1F-9AF0-49C2-ADCC-60CFFAF0E167}.Debug|x86.Build.0 = Debug|Win32
		{E5D51C1F-9AF0-49C2-ADCC-60CFFAF0E167}.Release|x64.ActiveCfg = Release|x64
		{E5D51C1F-9AF0-49C2-ADCC-60CFFAF0E167}.Release|x64.Build.0 = Release|x64
		{E5D51C1F-9AF0-49C2-ADCC-60CFFAF0E167}.Release|x86.ActiveCfg = Release|Win32
		{E5D51C1F-9AF0-49C2-ADCC-60CFFAF0E167}.Release|x86.Build.0 = Release|Win32
		{5E4A4FDD-471F-41B8-B7E3-771502F7DBBC}.Debug|x64.ActiveCfg = Debug|x64
		{5E4A4FDD-471F-41B8-B7E3-771502F7DBBC}.Debug|x64.Build.0 = Debug|x64
		{5E4A4FDD-471F-41B8-B7E3-771502F7DBBC}.Debug|x86.ActiveCfg = Debug|Win32
		{5E4A4FDD-471F-41B8-B7E3-771502F7DBBC}.Debug|x86.Build.0 = Debug|Win32
		{5E4A4FDD-471F-41B8-B7E3-771502F7DBBC}.Release|x64.ActiveCfg = Release|x64
		{5E4A4FDD-471F-41B8-B7E3-771502F7DBBC}.Release|x64.Build.0 = Release|x64
		{5E4A4FDD-471F-41B8-B7E3-771502F7DBBC}.Release|x86.ActiveCfg = Release|Win32
		{5E4A4FDD-471F-41B8-B7E3-771502F7DBBC}.Release|x86.Build.0 = Release|Win32
		{C917D40C-8670-404A-AC4C-3CD535E60EE2}.Debug|x64.ActiveCfg = Debug|x64
		{C917D40C-8670-404A-AC4C-3CD535E60EE2}.Debug|x64.Build.0 = Debug|x64
		{C917D40C-8670-404A-AC4C-3CD535E60EE2}.Debug|x86.ActiveCfg = Debug|Win32
		{C917D40C-8670-404A-AC4C-3CD535E60EE2}.Debug|x86.Build.0 = Debug|Win32
		{C917D40C-8670-404A-AC4C-3CD535E60EE2}.Release|x64.ActiveCfg = Release|x64
		{C917D40C-8670-404A-AC4C-3CD535E60EE2}.Release|x64.Build.0 = Release|x64
		{C917D40C-8670-404A-AC4C-3CD535E60EE2}.Release|x86.ActiveCfg = Release|Win32
		{C917D40C-8670-404A-AC4C-3CD535E60EE2}.Release|x86.Build.0 = Release|Win32
		{6C1F3882-F432-45C7-83C5-F44490FC4BCF}.Debug|x64.ActiveCfg = Debug|x64
		{6C1F3882-F432-45C7-83C5-F44490FC4BCF}.Debug|x64.Build.0 = Debug|x64
		{6C1F3882-F432-45C7-83C5-F44490FC4BCF}.Debug|x86.ActiveCfg = Debug|Win32
		{6C1F3882-F432-45C7-83C5-F44490FC4BCF}.Debug|x86.Build.0 = Debug|Win32
		{6C1F3882-F432-45C7-83C5-F44490FC4BCF}.Release|x64.ActiveCfg = Release|x64
		{6C1F3882-F432-45C7-83C5-F44490FC4BCF}.Release|x64.Build.0 = Release|x64
		{6C1F3882-F432-45C7-83C5-F44490FC4BCF}.Release|x86.ActiveCfg = Release|Win32
		{6C1F3882-F432-45C7-83C5-F44490FC4BCF}.Release|x86.Build.0 = Release|Win32
		{5E7428A0-5BDC-4807-8ED8-E75266467043}.Debug|x64.ActiveCfg = Debug|x64
		{5E7428A0-5BDC-4807-8ED8-E75266467043}.Debug|x64.Build.0 = Debug|x64
		{5E7428A0-5BDC-4807-8ED8-E75266467043}.Debug|x86.ActiveCfg = Debug|Win32
		{5E7428A0-5BDC-4807-8ED8-E75266467043}.Debug|x86.Build.0 = Debug|Win32
		{5E7428A0-5BDC-4807-8ED8-E75266467043}.Release|x64.ActiveCfg = Release|x64
		{5E7428A0-5BDC-4807-8ED8-E75266467043}.Release|x64.Build.0 = Release|x64
		{5E7428A0-5BDC-4807-8ED8-E75266467043}.Release|x86.ActiveCfg = Release|Win32
		{5E7428A0-5BDC-4807-8ED8-E75266467043}.Release|x86.Build.0 = Release|Win32
		{CAB6DB71-155E-4810-A53A-0C04A7DC708A}.Debug|x64.ActiveCfg = Debug|x64
		{CAB6DB71-155E-4810-A53A-0C04A7DC708A}.Debug|x64.Build.0 = Debug|x64
		{CAB6DB71-155E-4810-A53A-0C04A7DC708A}.Debug|x86.ActiveCfg = Debug|Win32
		{CAB6DB71-155E-4810-A53A-0C04A7DC708A}.Debug|x86.Build.0 = Debug|Win32
		{CAB6DB71-155E-4810-A53A-0C04A7DC708A}.Release|x64.ActiveCfg = Release|x64
		{CAB6DB71-155E-4810-A53A-0C04A7DC708A}.Release|x64.Build.0 = Release|x64
		{CAB6DB71-155E-4810-A53A-0C04A7DC708A}.Release|x86.ActiveCfg = Release|Win32
		{CAB6DB71-155E-4810-A53A-0C04A7DC708A}.Release|x86.Build.0 = Release|Win32
		{E920361C-A632-4080-8EE5-70810334F23D}.Debug|x64.ActiveCfg = Debug|x64
		{E920361C-A632-4080-8EE5-70810334F23D}.Debug|x64.Build.0 = Debug|x64
		{E920361C-A632-4080-8EE5-70810334F23D}.Debug|x86.ActiveCfg = Debug|Win32
		{E920361C-A632-4080-8EE5-70810334F23D}.Debug|x86.Build.0 = Debug|Win32
		{E920361C-A632-4080-8EE5-70810334F23D}.Release|x64.ActiveCfg = Release|x64
		{E920361C-A632-4080-8EE5-70810334F23D}.Release|x64.Build.0 = Release|x64
		{E920361C-A632-4080-8EE5-70810334F23D}.Release|x86.ActiveCfg = Release|Win32
		{E920361C-A632-4080-8EE5-70810334F23D}.Release|x86.Build.0 = Release|Win32
		{F6121E2F-756B-4CF3-8B6F-398915C5A391}.Debug|x64.ActiveCfg = Debug|x64
		{F6121E2F-756B-4CF3-8B6F-398915C5A391}.Debug|x64.Build.0 = Debug|x64
		{F6121E2F-756B-4CF3-8B6F-398915C5A391}.Debug|x86.ActiveCfg = Debug|Win32
		{F6121E2F-756B-4CF3-8B6F-398915C5A391}.Debug|x86.Build.0 = Debug|Win32
		{F6121E2F-756B-4CF3-8B6F-398915C5A391}.Release|x64.ActiveCfg = Release|x64
		{F6121E2F-756B-4CF3-8B6F-398915C5A391}.Release|x64.Build.0 = Release|x64
		{F6121E2F-756B-4CF3-8B6F-398915C5A391}.Release|x86.ActiveCfg = Release|Win32
		{F6121E2F-756B-4CF3-8B6F-398915C5A391}.Release|x86.Build.0 = Release|Win32
		{1B6532AA-8062-4ED0-9D7B-1F5979EEA1C5}.Debug|x64.ActiveCfg = Debug|x64
		{1B6532AA-8062-4ED0-9D7B-1F5979EEA1C5}.Debug|x64.Build.0 = Debug|x64
		{1B6532AA-8062-4ED0-9D7B-1F5979EEA1C5}.Debug|x86.ActiveCfg = Debug|Win32
		{1B6532AA-8062-4ED0-9D7B-1F5979EEA1C5}.Debug|x86.Build.0 = Debug|Win32
		{1B6532AA-8062-4ED0-9D7B-1F5979EEA1C5}.Release|x64.ActiveCfg = Release|x64
		{1B6532AA-8062-4ED0-9D7B-1F5979EEA1C5}.Release|x64.Build.0 = Release|x64
		{1B6532AA-8062-4ED0-9D7B-1F5979EEA1C5}.Release|x86.ActiveCfg = Release|Win32
		{1B6532AA-8062-4ED0-9D7B-1F5979EEA1C5}.Release|x86.Build.0 = Release|Win32
	EndGlobalSection
	GlobalSection(SolutionProperties) = preSolution
		HideSolutionNode = FALSE
	EndGlobalSection
	GlobalSection(ExtensibilityGlobals) = postSolution
		SolutionGuid = {603E4EB0-98C4-4076-B4A6-E4696952C02C}
	EndGlobalSection
EndGlobal
