
Microsoft Visual Studio Solution File, Format Version 12.00
# Visual Studio Version 16
VisualStudioVersion = 16.0.34031.81
MinimumVisualStudioVersion = 10.0.40219.1
Project("{8BC9CEB8-8B4A-11D0-8D11-00A0C91BC942}") = "Lab1", "Lab1\Lab1.vcxproj", "{E5D51C1F-9AF0-49C2-ADCC-60CFFAF0E167}"
EndProject
Project("{8BC9CEB8-8B4A-11D0-8D11-00A0C91BC942}") = "Lab2", "Lab2\Lab2.vcxproj", "{5E4A4FDD-471F-41B8-B7E3-771502F7DBBC}"
EndProject
Project("{8BC9CEB8-8B4A-11D0-8D11-00A0C91BC942}") = "WindowedApp", "WindowedApp\WindowedApp.vcxproj", "{C917D40C-8670-404A-AC4C-3CD535E60EE2}"
EndProject
Global
	GlobalSection(SolutionConfigurationPlatforms) = preSolution
		Debug|x64 = Debug|x64
		Debug|x86 = Debug|x86
		Release|x64 = Release|x64
		Release|x86 = Release|x86
	EndGlobalSection
	GlobalSection(ProjectConfigurationPlatforms) = postSolution
		{E5D51C1F-9AF0-49C2-ADCC-60CFFAF0E167}.Debug|x64.ActiveCfg = Debug|x64
		{E5D51C1F-9AF0-49C2-ADCC-60CFFAF0E167}.Debug|x64.Build.0 = Debug|x64
		{E5D51C1F-9AF0-49C2-ADCC-60CFFAF0E167}.Debug|x86.ActiveCfg = Debug|Win32
		{E5D51C1F-9AF0-49C2-ADCC-60CFFAF0E167}.Debug|x86.Build.0 = Debug|Win32
		{E5D51C1F-9AF0-49C2-ADCC-60CFFAF0E167}.Release|x64.ActiveCfg = Release|x64
		{E5D51C1F-9AF0-49C2-ADCC-60CFFAF0E167}.Release|x64.Build.0 = Release|x64
		{E5D51C1F-9AF0-49C2-ADCC-60CFFAF0E167}.Release|x86.ActiveCfg = Release|Win32
		{E5D51C1F-9AF0-49C2-ADCC-60CFFAF0E167}.Release|x86.Build.0 = Release|Win32
		{5E4A4FDD-471F-41B8-B7E3-771502F7DBBC}.Debug|x64.ActiveCfg = Debug|x64
		{5E4A4FDD-471F-41B8-B7E3-771502F7DBBC}.Debug|x64.Build.0 = Debug|x64
		{5E4A4FDD-471F-41B8-B7E3-771502F7DBBC}.Debug|x86.ActiveCfg = Debug|Win32
		{5E4A4FDD-471F-41B8-B7E3-771502F7DBBC}.Debug|x86.Build.0 = Debug|Win32
		{5E4A4FDD-471F-41B8-B7E3-771502F7DBBC}.Release|x64.ActiveCfg = Release|x64
		{5E4A4FDD-471F-41B8-B7E3-771502F7DBBC}.Release|x64.Build.0 = Release|x64
		{5E4A4FDD-471F-41B8-B7E3-771502F7DBBC}.Release|x86.ActiveCfg = Release|Win32
		{5E4A4FDD-471F-41B8-B7E3-771502F7DBBC}.Release|x86.Build.0 = Release|Win32
		{C917D40C-8670-404A-AC4C-3CD535E60EE2}.Debug|x64.ActiveCfg = Debug|x64
		{C917D40C-8670-404A-AC4C-3CD535E60EE2}.Debug|x64.Build.0 = Debug|x64
		{C917D40C-8670-404A-AC4C-3CD535E60EE2}.Debug|x86.ActiveCfg = Debug|Win32
		{C917D40C-8670-404A-AC4C-3CD535E60EE2}.Debug|x86.Build.0 = Debug|Win32
		{C917D40C-8670-404A-AC4C-3CD535E60EE2}.Release|x64.ActiveCfg = Release|x64
		{C917D40C-8670-404A-AC4C-3CD535E60EE2}.Release|x64.Build.0 = Release|x64
		{C917D40C-8670-404A-AC4C-3CD535E60EE2}.Release|x86.ActiveCfg = Release|Win32
		{C917D40C-8670-404A-AC4C-3CD535E60EE2}.Release|x86.Build.0 = Release|Win32
	EndGlobalSection
	GlobalSection(SolutionProperties) = preSolution
		HideSolutionNode = FALSE
	EndGlobalSection
	GlobalSection(ExtensibilityGlobals) = postSolution
		SolutionGuid = {603E4EB0-98C4-4076-B4A6-E4696952C02C}
	EndGlobalSection
EndGlobal
